# THIS IS AN AUTOGENERATED FILE. DO NOT EDIT THIS FILE DIRECTLY.
# yarn lockfile v1


"@types/body-parser@*":
  version "1.17.1"
  resolved "https://registry.npm.taobao.org/@types/body-parser/download/@types/body-parser-1.17.1.tgz#18fcf61768fb5c30ccc508c21d6fd2e8b3bf7897"
  integrity sha1-GPz2F2j7XDDMxQjCHW/S6LO/eJc=
  dependencies:
    "@types/connect" "*"
    "@types/node" "*"

"@types/connect@*":
  version "3.4.32"
  resolved "https://registry.npm.taobao.org/@types/connect/download/@types/connect-3.4.32.tgz?cache=0&sync_timestamp=1564856048693&other_urls=https%3A%2F%2Fregistry.npm.taobao.org%2F%40types%2Fconnect%2Fdownload%2F%40types%2Fconnect-3.4.32.tgz#aa0e9616b9435ccad02bc52b5b454ffc2c70ba28"
  integrity sha1-qg6WFrlDXMrQK8UrW0VP/Cxwuig=
  dependencies:
    "@types/node" "*"

"@types/cors@^2.8.6":
  version "2.8.6"
  resolved "https://registry.npm.taobao.org/@types/cors/download/@types/cors-2.8.6.tgz?cache=0&other_urls=https%3A%2F%2Fregistry.npm.taobao.org%2F%40types%2Fcors%2Fdownload%2F%40types%2Fcors-2.8.6.tgz#cfaab33c49c15b1ded32f235111ce9123009bd02"
  integrity sha1-z6qzPEnBWx3tMvI1ERzpEjAJvQI=
  dependencies:
    "@types/express" "*"

"@types/express-serve-static-core@*":
  version "4.16.9"
  resolved "https://registry.npm.taobao.org/@types/express-serve-static-core/download/@types/express-serve-static-core-4.16.9.tgz?cache=0&sync_timestamp=1566176632150&other_urls=https%3A%2F%2Fregistry.npm.taobao.org%2F%40types%2Fexpress-serve-static-core%2Fdownload%2F%40types%2Fexpress-serve-static-core-4.16.9.tgz#69e00643b0819b024bdede95ced3ff239bb54558"
  integrity sha1-aeAGQ7CBmwJL3t6VztP/I5u1RVg=
  dependencies:
    "@types/node" "*"
    "@types/range-parser" "*"

"@types/express@*":
  version "4.17.1"
  resolved "https://registry.npm.taobao.org/@types/express/download/@types/express-4.17.1.tgz#4cf7849ae3b47125a567dfee18bfca4254b88c5c"
  integrity sha1-TPeEmuO0cSWlZ9/uGL/KQlS4jFw=
  dependencies:
    "@types/body-parser" "*"
    "@types/express-serve-static-core" "*"
    "@types/serve-static" "*"

"@types/mime@*":
  version "2.0.1"
  resolved "https://registry.npm.taobao.org/@types/mime/download/@types/mime-2.0.1.tgz#dc488842312a7f075149312905b5e3c0b054c79d"
  integrity sha1-3EiIQjEqfwdRSTEpBbXjwLBUx50=

"@types/node@*", "@types/node@^12.7.2":
  version "12.7.2"
  resolved "https://registry.npm.taobao.org/@types/node/download/@types/node-12.7.2.tgz#c4e63af5e8823ce9cc3f0b34f7b998c2171f0c44"
  integrity sha1-xOY69eiCPOnMPws097mYwhcfDEQ=

"@types/range-parser@*":
  version "1.2.3"
  resolved "https://registry.npm.taobao.org/@types/range-parser/download/@types/range-parser-1.2.3.tgz#7ee330ba7caafb98090bece86a5ee44115904c2c"
  integrity sha1-fuMwunyq+5gJC+zoal7kQRWQTCw=

"@types/serve-static@*":
  version "1.13.3"
  resolved "https://registry.npm.taobao.org/@types/serve-static/download/@types/serve-static-1.13.3.tgz?cache=0&sync_timestamp=1566177347303&other_urls=https%3A%2F%2Fregistry.npm.taobao.org%2F%40types%2Fserve-static%2Fdownload%2F%40types%2Fserve-static-1.13.3.tgz#eb7e1c41c4468272557e897e9171ded5e2ded9d1"
  integrity sha1-634cQcRGgnJVfol+kXHe1eLe2dE=
  dependencies:
    "@types/express-serve-static-core" "*"
    "@types/mime" "*"

abstract-logging@^1.0.0:
  version "1.0.0"
  resolved "https://registry.npm.taobao.org/abstract-logging/download/abstract-logging-1.0.0.tgz#8b7deafd310559bc28f77724dd1bb30177278c1b"
  integrity sha1-i33q/TEFWbwo93ck3RuzAXcnjBs=

ajv@^6.10.2, ajv@^6.8.1:
  version "6.10.2"
  resolved "https://registry.npm.taobao.org/ajv/download/ajv-6.10.2.tgz?cache=0&sync_timestamp=1563113786760&other_urls=https%3A%2F%2Fregistry.npm.taobao.org%2Fajv%2Fdownload%2Fajv-6.10.2.tgz#d3cea04d6b017b2894ad69040fec8b623eb4bd52"
  integrity sha1-086gTWsBeyiUrWkED+yLYj60vVI=
  dependencies:
    fast-deep-equal "^2.0.1"
    fast-json-stable-stringify "^2.0.0"
    json-schema-traverse "^0.4.1"
    uri-js "^4.2.2"

archy@^1.0.0:
  version "1.0.0"
  resolved "https://registry.npm.taobao.org/archy/download/archy-1.0.0.tgz#f9c8c13757cc1dd7bc379ac77b2c62a5c2868c40"
  integrity sha1-+cjBN1fMHde8N5rHeyxipcKGjEA=

arg@^4.1.0:
  version "4.1.1"
  resolved "https://registry.npm.taobao.org/arg/download/arg-4.1.1.tgz#485f8e7c390ce4c5f78257dbea80d4be11feda4c"
  integrity sha1-SF+OfDkM5MX3glfb6oDUvhH+2kw=

avvio@^6.1.1:
  version "6.2.2"
  resolved "https://registry.npm.taobao.org/avvio/download/avvio-6.2.2.tgz#af6ded59bde361fded817a6841a748142c659873"
  integrity sha1-r23tWb3jYf3tgXpoQadIFCxlmHM=
  dependencies:
    archy "^1.0.0"
    debug "^4.0.0"
    fastq "^1.6.0"

buffer-from@^1.0.0:
  version "1.1.1"
  resolved "https://registry.npm.taobao.org/buffer-from/download/buffer-from-1.1.1.tgz#32713bc028f75c02fdb710d7c7bcec1f2c6070ef"
  integrity sha1-MnE7wCj3XAL9txDXx7zsHyxgcO8=

debug@^4.0.0:
  version "4.1.1"
  resolved "https://registry.npm.taobao.org/debug/download/debug-4.1.1.tgz?cache=0&other_urls=https%3A%2F%2Fregistry.npm.taobao.org%2Fdebug%2Fdownload%2Fdebug-4.1.1.tgz#3b72260255109c6b589cee050f1d516139664791"
  integrity sha1-O3ImAlUQnGtYnO4FDx1RYTlmR5E=
  dependencies:
    ms "^2.1.1"

deepmerge@^4.0.0:
  version "4.0.0"
  resolved "https://registry.npm.taobao.org/deepmerge/download/deepmerge-4.0.0.tgz#3e3110ca29205f120d7cb064960a39c3d2087c09"
  integrity sha1-PjEQyikgXxINfLBklgo5w9IIfAk=

diff@^4.0.1:
  version "4.0.1"
  resolved "https://registry.npm.taobao.org/diff/download/diff-4.0.1.tgz#0c667cb467ebbb5cea7f14f135cc2dba7780a8ff"
  integrity sha1-DGZ8tGfru1zqfxTxNcwtuneAqP8=

fast-decode-uri-component@^1.0.0:
  version "1.0.1"
  resolved "https://registry.npm.taobao.org/fast-decode-uri-component/download/fast-decode-uri-component-1.0.1.tgz#46f8b6c22b30ff7a81357d4f59abfae938202543"
  integrity sha1-Rvi2wisw/3qBNX1PWav66TggJUM=

fast-deep-equal@^2.0.1:
  version "2.0.1"
  resolved "https://registry.npm.taobao.org/fast-deep-equal/download/fast-deep-equal-2.0.1.tgz#7b05218ddf9667bf7f370bf7fdb2cb15fdd0aa49"
  integrity sha1-ewUhjd+WZ79/Nwv3/bLLFf3Qqkk=

fast-json-stable-stringify@^2.0.0:
  version "2.0.0"
  resolved "https://registry.npm.taobao.org/fast-json-stable-stringify/download/fast-json-stable-stringify-2.0.0.tgz#d5142c0caee6b1189f87d3a76111064f86c8bbf2"
  integrity sha1-1RQsDK7msRifh9OnYREGT4bIu/I=

fast-json-stringify@^1.15.0:
  version "1.15.4"
  resolved "https://registry.npm.taobao.org/fast-json-stringify/download/fast-json-stringify-1.15.4.tgz#4fed7c739bcef5c8cda423c04b463c421c89709d"
  integrity sha1-T+18c5vO9cjNpCPAS0Y8QhyJcJ0=
  dependencies:
    ajv "^6.8.1"
    deepmerge "^4.0.0"

fast-redact@^1.4.4:
  version "1.5.0"
  resolved "https://registry.npm.taobao.org/fast-redact/download/fast-redact-1.5.0.tgz#302892f566750c4f5eec7b830bfc9bc473484034"
  integrity sha1-MCiS9WZ1DE9e7HuDC/ybxHNIQDQ=

fast-safe-stringify@^2.0.6:
  version "2.0.6"
  resolved "https://registry.npm.taobao.org/fast-safe-stringify/download/fast-safe-stringify-2.0.6.tgz#04b26106cc56681f51a044cfc0d76cf0008ac2c2"
  integrity sha1-BLJhBsxWaB9RoETPwNds8ACKwsI=

fastify@^2.7.1:
  version "2.7.1"
  resolved "https://registry.npm.taobao.org/fastify/download/fastify-2.7.1.tgz#09ec9dfaa67b453f90537501a1e148b0d98486ac"
  integrity sha1-Ceyd+qZ7RT+QU3UBoeFIsNmEhqw=
  dependencies:
    abstract-logging "^1.0.0"
    ajv "^6.10.2"
    avvio "^6.1.1"
    fast-json-stringify "^1.15.0"
    find-my-way "^2.0.0"
    flatstr "^1.0.12"
    light-my-request "^3.4.1"
    middie "^4.0.1"
    pino "^5.13.1"
    proxy-addr "^2.0.4"
    readable-stream "^3.1.1"
    rfdc "^1.1.2"
    secure-json-parse "^1.0.0"
    tiny-lru "^6.0.1"

fastq@^1.6.0:
  version "1.6.0"
  resolved "https://registry.npm.taobao.org/fastq/download/fastq-1.6.0.tgz#4ec8a38f4ac25f21492673adb7eae9cfef47d1c2"
  integrity sha1-Tsijj0rCXyFJJnOtt+rpz+9H0cI=
  dependencies:
    reusify "^1.0.0"

find-my-way@^2.0.0:
  version "2.1.0"
  resolved "https://registry.npm.taobao.org/find-my-way/download/find-my-way-2.1.0.tgz#dc9bfe2ab12ce8f965f489794134789e8fd56881"
  integrity sha1-3Jv+KrEs6Pll9Il5QTR4no/VaIE=
  dependencies:
    fast-decode-uri-component "^1.0.0"
    safe-regex2 "^2.0.0"
    semver-store "^0.3.0"

flatstr@^1.0.12, flatstr@^1.0.9:
  version "1.0.12"
  resolved "https://registry.npm.taobao.org/flatstr/download/flatstr-1.0.12.tgz#c2ba6a08173edbb6c9640e3055b95e287ceb5931"
  integrity sha1-wrpqCBc+27bJZA4wVbleKHzrWTE=

forwarded@~0.1.2:
  version "0.1.2"
  resolved "https://registry.npm.taobao.org/forwarded/download/forwarded-0.1.2.tgz#98c23dab1175657b8c0573e8ceccd91b0ff18c84"
  integrity sha1-mMI9qxF1ZXuMBXPozszZGw/xjIQ=

inherits@^2.0.3:
  version "2.0.4"
  resolved "https://registry.npm.taobao.org/inherits/download/inherits-2.0.4.tgz#0fa2c64f932917c3433a0ded55363aae37416b7c"
  integrity sha1-D6LGT5MpF8NDOg3tVTY6rjdBa3w=

ipaddr.js@1.9.0:
  version "1.9.0"
  resolved "https://registry.npm.taobao.org/ipaddr.js/download/ipaddr.js-1.9.0.tgz#37df74e430a0e47550fe54a2defe30d8acd95f65"
  integrity sha1-N9905DCg5HVQ/lSi3v4w2KzZX2U=

json-schema-traverse@^0.4.1:
  version "0.4.1"
  resolved "https://registry.npm.taobao.org/json-schema-traverse/download/json-schema-traverse-0.4.1.tgz#69f6a87d9513ab8bb8fe63bdb0979c448e684660"
  integrity sha1-afaofZUTq4u4/mO9sJecRI5oRmA=

light-my-request@^3.4.1:
  version "3.4.1"
  resolved "https://registry.npm.taobao.org/light-my-request/download/light-my-request-3.4.1.tgz#c30087005f6ae64ce5ef92c2484b1ab93c71ad3e"
  integrity sha1-wwCHAF9q5kzl75LCSEsauTxxrT4=
  dependencies:
    ajv "^6.8.1"
    readable-stream "^3.1.1"

make-error@^1.1.1:
  version "1.3.5"
  resolved "https://registry.npm.taobao.org/make-error/download/make-error-1.3.5.tgz#efe4e81f6db28cadd605c70f29c831b58ef776c8"
  integrity sha1-7+ToH22yjK3WBccPKcgxtY73dsg=

middie@^4.0.1:
  version "4.0.1"
  resolved "https://registry.npm.taobao.org/middie/download/middie-4.0.1.tgz#24b4333034926ebd7831ed58766d050c1ce6300a"
  integrity sha1-JLQzMDSSbr14Me1Ydm0FDBzmMAo=
  dependencies:
    path-to-regexp "^3.0.0"
    reusify "^1.0.2"

ms@^2.1.1:
  version "2.1.2"
  resolved "https://registry.npm.taobao.org/ms/download/ms-2.1.2.tgz#d09d1f357b443f493382a8eb3ccd183872ae6009"
  integrity sha1-0J0fNXtEP0kzgqjrPM0YOHKuYAk=

path-to-regexp@^3.0.0:
  version "3.0.0"
  resolved "https://registry.npm.taobao.org/path-to-regexp/download/path-to-regexp-3.0.0.tgz#c981a218f3df543fa28696be2f88e0c58d2e012a"
  integrity sha1-yYGiGPPfVD+ihpa+L4jgxY0uASo=

pino-std-serializers@^2.3.0:
  version "2.4.2"
  resolved "https://registry.npm.taobao.org/pino-std-serializers/download/pino-std-serializers-2.4.2.tgz#cb5e3e58c358b26f88969d7e619ae54bdfcc1ae1"
  integrity sha1-y14+WMNYsm+Ilp1+YZrlS9/MGuE=

pino@^5.13.1:
  version "5.13.2"
  resolved "https://registry.npm.taobao.org/pino/download/pino-5.13.2.tgz#773416c9764634276e7b2ae021357679ff7b5634"
  integrity sha1-dzQWyXZGNCdueyrgITV2ef97VjQ=
  dependencies:
    fast-redact "^1.4.4"
    fast-safe-stringify "^2.0.6"
    flatstr "^1.0.9"
    pino-std-serializers "^2.3.0"
    quick-format-unescaped "^3.0.2"
    sonic-boom "^0.7.5"

proxy-addr@^2.0.4:
  version "2.0.5"
  resolved "https://registry.npm.taobao.org/proxy-addr/download/proxy-addr-2.0.5.tgz#34cbd64a2d81f4b1fd21e76f9f06c8a45299ee34"
  integrity sha1-NMvWSi2B9LH9IedvnwbIpFKZ7jQ=
  dependencies:
    forwarded "~0.1.2"
    ipaddr.js "1.9.0"

punycode@^2.1.0:
  version "2.1.1"
  resolved "https://registry.npm.taobao.org/punycode/download/punycode-2.1.1.tgz#b58b010ac40c22c5657616c8d2c2c02c7bf479ec"
  integrity sha1-tYsBCsQMIsVldhbI0sLALHv0eew=

quick-format-unescaped@^3.0.2:
  version "3.0.2"
  resolved "https://registry.npm.taobao.org/quick-format-unescaped/download/quick-format-unescaped-3.0.2.tgz#0137e94d8fb37ffeb70040535111c378e75396fb"
  integrity sha1-ATfpTY+zf/63AEBTURHDeOdTlvs=

readable-stream@^3.1.1:
  version "3.4.0"
  resolved "https://registry.npm.taobao.org/readable-stream/download/readable-stream-3.4.0.tgz#a51c26754658e0a3c21dbf59163bd45ba6f447fc"
  integrity sha1-pRwmdUZY4KPCHb9ZFjvUW6b0R/w=
  dependencies:
    inherits "^2.0.3"
    string_decoder "^1.1.1"
    util-deprecate "^1.0.1"

ret@~0.2.0:
  version "0.2.2"
  resolved "https://registry.npm.taobao.org/ret/download/ret-0.2.2.tgz#b6861782a1f4762dce43402a71eb7a283f44573c"
  integrity sha1-toYXgqH0di3OQ0Aqcet6KD9EVzw=

reusify@^1.0.0, reusify@^1.0.2:
  version "1.0.4"
  resolved "https://registry.npm.taobao.org/reusify/download/reusify-1.0.4.tgz#90da382b1e126efc02146e90845a88db12925d76"
  integrity sha1-kNo4Kx4SbvwCFG6QhFqI2xKSXXY=

rfdc@^1.1.2:
  version "1.1.4"
  resolved "https://registry.npm.taobao.org/rfdc/download/rfdc-1.1.4.tgz#ba72cc1367a0ccd9cf81a870b3b58bd3ad07f8c2"
  integrity sha1-unLME2egzNnPgahws7WL060H+MI=

safe-buffer@~5.2.0:
  version "5.2.0"
  resolved "https://registry.npm.taobao.org/safe-buffer/download/safe-buffer-5.2.0.tgz#b74daec49b1148f88c64b68d49b1e815c1f2f519"
  integrity sha1-t02uxJsRSPiMZLaNSbHoFcHy9Rk=

safe-regex2@^2.0.0:
  version "2.0.0"
  resolved "https://registry.npm.taobao.org/safe-regex2/download/safe-regex2-2.0.0.tgz#b287524c397c7a2994470367e0185e1916b1f5b9"
  integrity sha1-sodSTDl8eimURwNn4BheGRax9bk=
  dependencies:
    ret "~0.2.0"

secure-json-parse@^1.0.0:
  version "1.0.0"
  resolved "https://registry.npm.taobao.org/secure-json-parse/download/secure-json-parse-1.0.0.tgz#fa32c6778166b783cf6315db967944e63f7747d0"
  integrity sha1-+jLGd4Fmt4PPYxXblnlE5j93R9A=

semver-store@^0.3.0:
  version "0.3.0"
  resolved "https://registry.npm.taobao.org/semver-store/download/semver-store-0.3.0.tgz#ce602ff07df37080ec9f4fb40b29576547befbe9"
  integrity sha1-zmAv8H3zcIDsn0+0CylXZUe+++k=

sonic-boom@^0.7.5:
  version "0.7.5"
  resolved "https://registry.npm.taobao.org/sonic-boom/download/sonic-boom-0.7.5.tgz#b383d92cdaaa8e66d1f77bdec71b49806d01b5f1"
  integrity sha1-s4PZLNqqjmbR93vexxtJgG0BtfE=
  dependencies:
    flatstr "^1.0.12"

source-map-support@^0.5.6:
  version "0.5.13"
  resolved "https://registry.npm.taobao.org/source-map-support/download/source-map-support-0.5.13.tgz#31b24a9c2e73c2de85066c0feb7d44767ed52932"
  integrity sha1-MbJKnC5zwt6FBmwP631Edn7VKTI=
  dependencies:
    buffer-from "^1.0.0"
    source-map "^0.6.0"

source-map@^0.6.0:
  version "0.6.1"
  resolved "https://registry.npm.taobao.org/source-map/download/source-map-0.6.1.tgz#74722af32e9614e9c287a8d0bbde48b5e2f1a263"
  integrity sha1-dHIq8y6WFOnCh6jQu95IteLxomM=

string_decoder@^1.1.1:
  version "1.3.0"
  resolved "https://registry.npm.taobao.org/string_decoder/download/string_decoder-1.3.0.tgz#42f114594a46cf1a8e30b0a84f56c78c3edac21e"
  integrity sha1-QvEUWUpGzxqOMLCoT1bHjD7awh4=
  dependencies:
    safe-buffer "~5.2.0"

tiny-lru@^6.0.1:
  version "6.0.1"
  resolved "https://registry.npm.taobao.org/tiny-lru/download/tiny-lru-6.0.1.tgz#558bd6b7232b8b9dfa482147539676fdd75a3a07"
  integrity sha1-VYvWtyMri536SCFHU5Z2/ddaOgc=

ts-node@^8.3.0:
  version "8.3.0"
  resolved "https://registry.npm.taobao.org/ts-node/download/ts-node-8.3.0.tgz#e4059618411371924a1fb5f3b125915f324efb57"
  integrity sha1-5AWWGEETcZJKH7XzsSWRXzJO+1c=
  dependencies:
    arg "^4.1.0"
    diff "^4.0.1"
    make-error "^1.1.1"
    source-map-support "^0.5.6"
    yn "^3.0.0"

typescript@^3.5.3:
  version "3.5.3"
  resolved "https://registry.npm.taobao.org/typescript/download/typescript-3.5.3.tgz#c830f657f93f1ea846819e929092f5fe5983e977"
  integrity sha1-yDD2V/k/HqhGgZ6SkJL1/lmD6Xc=

uri-js@^4.2.2:
  version "4.2.2"
  resolved "https://registry.npm.taobao.org/uri-js/download/uri-js-4.2.2.tgz#94c540e1ff772956e2299507c010aea6c8838eb0"
  integrity sha1-lMVA4f93KVbiKZUHwBCupsiDjrA=
  dependencies:
    punycode "^2.1.0"

util-deprecate@^1.0.1:
  version "1.0.2"
  resolved "https://registry.npm.taobao.org/util-deprecate/download/util-deprecate-1.0.2.tgz#450d4dc9fa70de732762fbd2d4a28981419a0ccf"
  integrity sha1-RQ1Nyfpw3nMnYvvS1KKJgUGaDM8=

yn@^3.0.0:
  version "3.1.1"
  resolved "https://registry.npm.taobao.org/yn/download/yn-3.1.1.tgz#1e87401a09d767c1d5eab26a6e4c185182d2eb50"
  integrity sha1-HodAGgnXZ8HV6rJqbkwYUYLS61A=
